// !$*UTF8*$!
{
	archiveVersion = 1;
	classes = {
	};
	objectVersion = 55;
	objects = {

/* Begin PBXBuildFile section */
		181FDA0778CA080F1D0A010B /* Pods_ParstagramTests.framework in Frameworks */ = {isa = PBXBuildFile; fileRef = EFB0DA14CFB074AD108EF838 /* Pods_ParstagramTests.framework */; };
		6178892ADDEAF027737AF0F7 /* Pods_Parstagram_ParstagramUITests.framework in Frameworks */ = {isa = PBXBuildFile; fileRef = BBC1A9B4A0C3298DADE1E0DD /* Pods_Parstagram_ParstagramUITests.framework */; };
		81245AFA2D31B9A731671427 /* Pods_Parstagram.framework in Frameworks */ = {isa = PBXBuildFile; fileRef = 1EC895F8265DF055432E3A83 /* Pods_Parstagram.framework */; };
		AA541C3227DDB7E400014516 /* CommentCell.swift in Sources */ = {isa = PBXBuildFile; fileRef = AA541C3127DDB7E400014516 /* CommentCell.swift */; };
		AA5C6CF627DB011F00A7DE6F /* FeedViewController.swift in Sources */ = {isa = PBXBuildFile; fileRef = AA5C6CF527DB011F00A7DE6F /* FeedViewController.swift */; };
		AA7B6AC427DBF42800A1A659 /* LoginViewController.swift in Sources */ = {isa = PBXBuildFile; fileRef = AA7B6AC327DBF42800A1A659 /* LoginViewController.swift */; };
		AA7B6AC627DC0BDC00A1A659 /* CameraViewController.swift in Sources */ = {isa = PBXBuildFile; fileRef = AA7B6AC527DC0BDC00A1A659 /* CameraViewController.swift */; };
		AA7B6AC827DC1DE000A1A659 /* PostCell.swift in Sources */ = {isa = PBXBuildFile; fileRef = AA7B6AC727DC1DE000A1A659 /* PostCell.swift */; };
		AAC55F0827DAFCE700D60ACB /* AppDelegate.swift in Sources */ = {isa = PBXBuildFile; fileRef = AAC55F0727DAFCE700D60ACB /* AppDelegate.swift */; };
		AAC55F0A27DAFCE700D60ACB /* SceneDelegate.swift in Sources */ = {isa = PBXBuildFile; fileRef = AAC55F0927DAFCE700D60ACB /* SceneDelegate.swift */; };
		AAC55F0F27DAFCE700D60ACB /* Main.storyboard in Resources */ = {isa = PBXBuildFile; fileRef = AAC55F0D27DAFCE700D60ACB /* Main.storyboard */; };
		AAC55F1127DAFCE800D60ACB /* Assets.xcassets in Resources */ = {isa = PBXBuildFile; fileRef = AAC55F1027DAFCE800D60ACB /* Assets.xcassets */; };
		AAC55F1427DAFCE800D60ACB /* LaunchScreen.storyboard in Resources */ = {isa = PBXBuildFile; fileRef = AAC55F1227DAFCE800D60ACB /* LaunchScreen.storyboard */; };
		AAC55F1F27DAFCE800D60ACB /* ParstagramTests.swift in Sources */ = {isa = PBXBuildFile; fileRef = AAC55F1E27DAFCE800D60ACB /* ParstagramTests.swift */; };
		AAC55F2927DAFCE800D60ACB /* ParstagramUITests.swift in Sources */ = {isa = PBXBuildFile; fileRef = AAC55F2827DAFCE800D60ACB /* ParstagramUITests.swift */; };
		AAC55F2B27DAFCE800D60ACB /* ParstagramUITestsLaunchTests.swift in Sources */ = {isa = PBXBuildFile; fileRef = AAC55F2A27DAFCE800D60ACB /* ParstagramUITestsLaunchTests.swift */; };
/* End PBXBuildFile section */

/* Begin PBXContainerItemProxy section */
		AAC55F1B27DAFCE800D60ACB /* PBXContainerItemProxy */ = {
			isa = PBXContainerItemProxy;
			containerPortal = AAC55EFC27DAFCE700D60ACB /* Project object */;
			proxyType = 1;
			remoteGlobalIDString = AAC55F0327DAFCE700D60ACB;
			remoteInfo = Parstagram;
		};
		AAC55F2527DAFCE800D60ACB /* PBXContainerItemProxy */ = {
			isa = PBXContainerItemProxy;
			containerPortal = AAC55EFC27DAFCE700D60ACB /* Project object */;
			proxyType = 1;
			remoteGlobalIDString = AAC55F0327DAFCE700D60ACB;
			remoteInfo = Parstagram;
		};
/* End PBXContainerItemProxy section */

/* Begin PBXFileReference section */
		089B3F7895D718A664A0C588 /* Pods-Parstagram-ParstagramUITests.release.xcconfig */ = {isa = PBXFileReference; includeInIndex = 1; lastKnownFileType = text.xcconfig; name = "Pods-Parstagram-ParstagramUITests.release.xcconfig"; path = "Target Support Files/Pods-Parstagram-ParstagramUITests/Pods-Parstagram-ParstagramUITests.release.xcconfig"; sourceTree = "<group>"; };
		1EC895F8265DF055432E3A83 /* Pods_Parstagram.framework */ = {isa = PBXFileReference; explicitFileType = wrapper.framework; includeInIndex = 0; path = Pods_Parstagram.framework; sourceTree = BUILT_PRODUCTS_DIR; };
		3F0BA5548ADC383ACB5D7ECC /* Pods-ParstagramTests.release.xcconfig */ = {isa = PBXFileReference; includeInIndex = 1; lastKnownFileType = text.xcconfig; name = "Pods-ParstagramTests.release.xcconfig"; path = "Target Support Files/Pods-ParstagramTests/Pods-ParstagramTests.release.xcconfig"; sourceTree = "<group>"; };
		8BCBAAE1914B2774CA2CE4EC /* Pods-Parstagram.release.xcconfig */ = {isa = PBXFileReference; includeInIndex = 1; lastKnownFileType = text.xcconfig; name = "Pods-Parstagram.release.xcconfig"; path = "Target Support Files/Pods-Parstagram/Pods-Parstagram.release.xcconfig"; sourceTree = "<group>"; };
		AA541C3127DDB7E400014516 /* CommentCell.swift */ = {isa = PBXFileReference; lastKnownFileType = sourcecode.swift; path = CommentCell.swift; sourceTree = "<group>"; };
		AA5C6CF527DB011F00A7DE6F /* FeedViewController.swift */ = {isa = PBXFileReference; lastKnownFileType = sourcecode.swift; path = FeedViewController.swift; sourceTree = "<group>"; };
		AA7B6AC327DBF42800A1A659 /* LoginViewController.swift */ = {isa = PBXFileReference; lastKnownFileType = sourcecode.swift; path = LoginViewController.swift; sourceTree = "<group>"; };
		AA7B6AC527DC0BDC00A1A659 /* CameraViewController.swift */ = {isa = PBXFileReference; lastKnownFileType = sourcecode.swift; path = CameraViewController.swift; sourceTree = "<group>"; };
		AA7B6AC727DC1DE000A1A659 /* PostCell.swift */ = {isa = PBXFileReference; lastKnownFileType = sourcecode.swift; path = PostCell.swift; sourceTree = "<group>"; };
		AAC55F0427DAFCE700D60ACB /* Parstagram.app */ = {isa = PBXFileReference; explicitFileType = wrapper.application; includeInIndex = 0; path = Parstagram.app; sourceTree = BUILT_PRODUCTS_DIR; };
		AAC55F0727DAFCE700D60ACB /* AppDelegate.swift */ = {isa = PBXFileReference; lastKnownFileType = sourcecode.swift; path = AppDelegate.swift; sourceTree = "<group>"; };
		AAC55F0927DAFCE700D60ACB /* SceneDelegate.swift */ = {isa = PBXFileReference; lastKnownFileType = sourcecode.swift; path = SceneDelegate.swift; sourceTree = "<group>"; };
		AAC55F0E27DAFCE700D60ACB /* Base */ = {isa = PBXFileReference; lastKnownFileType = file.storyboard; name = Base; path = Base.lproj/Main.storyboard; sourceTree = "<group>"; };
		AAC55F1027DAFCE800D60ACB /* Assets.xcassets */ = {isa = PBXFileReference; lastKnownFileType = folder.assetcatalog; path = Assets.xcassets; sourceTree = "<group>"; };
		AAC55F1327DAFCE800D60ACB /* Base */ = {isa = PBXFileReference; lastKnownFileType = file.storyboard; name = Base; path = Base.lproj/LaunchScreen.storyboard; sourceTree = "<group>"; };
		AAC55F1527DAFCE800D60ACB /* Info.plist */ = {isa = PBXFileReference; lastKnownFileType = text.plist.xml; path = Info.plist; sourceTree = "<group>"; };
		AAC55F1A27DAFCE800D60ACB /* ParstagramTests.xctest */ = {isa = PBXFileReference; explicitFileType = wrapper.cfbundle; includeInIndex = 0; path = ParstagramTests.xctest; sourceTree = BUILT_PRODUCTS_DIR; };
		AAC55F1E27DAFCE800D60ACB /* ParstagramTests.swift */ = {isa = PBXFileReference; lastKnownFileType = sourcecode.swift; path = ParstagramTests.swift; sourceTree = "<group>"; };
		AAC55F2427DAFCE800D60ACB /* ParstagramUITests.xctest */ = {isa = PBXFileReference; explicitFileType = wrapper.cfbundle; includeInIndex = 0; path = ParstagramUITests.xctest; sourceTree = BUILT_PRODUCTS_DIR; };
		AAC55F2827DAFCE800D60ACB /* ParstagramUITests.swift */ = {isa = PBXFileReference; lastKnownFileType = sourcecode.swift; path = ParstagramUITests.swift; sourceTree = "<group>"; };
		AAC55F2A27DAFCE800D60ACB /* ParstagramUITestsLaunchTests.swift */ = {isa = PBXFileReference; lastKnownFileType = sourcecode.swift; path = ParstagramUITestsLaunchTests.swift; sourceTree = "<group>"; };
		B7EA89092F63B0957D2450BF /* Pods-Parstagram-ParstagramUITests.debug.xcconfig */ = {isa = PBXFileReference; includeInIndex = 1; lastKnownFileType = text.xcconfig; name = "Pods-Parstagram-ParstagramUITests.debug.xcconfig"; path = "Target Support Files/Pods-Parstagram-ParstagramUITests/Pods-Parstagram-ParstagramUITests.debug.xcconfig"; sourceTree = "<group>"; };
		BBC1A9B4A0C3298DADE1E0DD /* Pods_Parstagram_ParstagramUITests.framework */ = {isa = PBXFileReference; explicitFileType = wrapper.framework; includeInIndex = 0; path = Pods_Parstagram_ParstagramUITests.framework; sourceTree = BUILT_PRODUCTS_DIR; };
		C393740DB568A75FFBBE4692 /* Pods-Parstagram.debug.xcconfig */ = {isa = PBXFileReference; includeInIndex = 1; lastKnownFileType = text.xcconfig; name = "Pods-Parstagram.debug.xcconfig"; path = "Target Support Files/Pods-Parstagram/Pods-Parstagram.debug.xcconfig"; sourceTree = "<group>"; };
		C5A29C6AC3E962CE67BCCE5C /* Pods-ParstagramTests.debug.xcconfig */ = {isa = PBXFileReference; includeInIndex = 1; lastKnownFileType = text.xcconfig; name = "Pods-ParstagramTests.debug.xcconfig"; path = "Target Support Files/Pods-ParstagramTests/Pods-ParstagramTests.debug.xcconfig"; sourceTree = "<group>"; };
		EFB0DA14CFB074AD108EF838 /* Pods_ParstagramTests.framework */ = {isa = PBXFileReference; explicitFileType = wrapper.framework; includeInIndex = 0; path = Pods_ParstagramTests.framework; sourceTree = BUILT_PRODUCTS_DIR; };
/* End PBXFileReference section */

/* Begin PBXFrameworksBuildPhase section */
		AAC55F0127DAFCE700D60ACB /* Frameworks */ = {
			isa = PBXFrameworksBuildPhase;
			buildActionMask = 2147483647;
			files = (
				81245AFA2D31B9A731671427 /* Pods_Parstagram.framework in Frameworks */,
			);
			runOnlyForDeploymentPostprocessing = 0;
		};
		AAC55F1727DAFCE800D60ACB /* Frameworks */ = {
			isa = PBXFrameworksBuildPhase;
			buildActionMask = 2147483647;
			files = (
				181FDA0778CA080F1D0A010B /* Pods_ParstagramTests.framework in Frameworks */,
			);
			runOnlyForDeploymentPostprocessing = 0;
		};
		AAC55F2127DAFCE800D60ACB /* Frameworks */ = {
			isa = PBXFrameworksBuildPhase;
			buildActionMask = 2147483647;
			files = (
				6178892ADDEAF027737AF0F7 /* Pods_Parstagram_ParstagramUITests.framework in Frameworks */,
			);
			runOnlyForDeploymentPostprocessing = 0;
		};
/* End PBXFrameworksBuildPhase section */

/* Begin PBXGroup section */
		4AA0914F6145516A99BF2040 /* Pods */ = {
			isa = PBXGroup;
			children = (
				C393740DB568A75FFBBE4692 /* Pods-Parstagram.debug.xcconfig */,
				8BCBAAE1914B2774CA2CE4EC /* Pods-Parstagram.release.xcconfig */,
				B7EA89092F63B0957D2450BF /* Pods-Parstagram-ParstagramUITests.debug.xcconfig */,
				089B3F7895D718A664A0C588 /* Pods-Parstagram-ParstagramUITests.release.xcconfig */,
				C5A29C6AC3E962CE67BCCE5C /* Pods-ParstagramTests.debug.xcconfig */,
				3F0BA5548ADC383ACB5D7ECC /* Pods-ParstagramTests.release.xcconfig */,
			);
			path = Pods;
			sourceTree = "<group>";
		};
		9078F30C51EF0317532E1697 /* Frameworks */ = {
			isa = PBXGroup;
			children = (
				1EC895F8265DF055432E3A83 /* Pods_Parstagram.framework */,
				BBC1A9B4A0C3298DADE1E0DD /* Pods_Parstagram_ParstagramUITests.framework */,
				EFB0DA14CFB074AD108EF838 /* Pods_ParstagramTests.framework */,
			);
			name = Frameworks;
			sourceTree = "<group>";
		};
		AAC55EFB27DAFCE700D60ACB = {
			isa = PBXGroup;
			children = (
				AAC55F0627DAFCE700D60ACB /* Parstagram */,
				AAC55F1D27DAFCE800D60ACB /* ParstagramTests */,
				AAC55F2727DAFCE800D60ACB /* ParstagramUITests */,
				AAC55F0527DAFCE700D60ACB /* Products */,
				4AA0914F6145516A99BF2040 /* Pods */,
				9078F30C51EF0317532E1697 /* Frameworks */,
			);
			sourceTree = "<group>";
		};
		AAC55F0527DAFCE700D60ACB /* Products */ = {
			isa = PBXGroup;
			children = (
				AAC55F0427DAFCE700D60ACB /* Parstagram.app */,
				AAC55F1A27DAFCE800D60ACB /* ParstagramTests.xctest */,
				AAC55F2427DAFCE800D60ACB /* ParstagramUITests.xctest */,
			);
			name = Products;
			sourceTree = "<group>";
		};
		AAC55F0627DAFCE700D60ACB /* Parstagram */ = {
			isa = PBXGroup;
			children = (
				AAC55F0727DAFCE700D60ACB /* AppDelegate.swift */,
				AAC55F0927DAFCE700D60ACB /* SceneDelegate.swift */,
				AAC55F0D27DAFCE700D60ACB /* Main.storyboard */,
				AAC55F1027DAFCE800D60ACB /* Assets.xcassets */,
				AAC55F1227DAFCE800D60ACB /* LaunchScreen.storyboard */,
				AAC55F1527DAFCE800D60ACB /* Info.plist */,
				AA5C6CF527DB011F00A7DE6F /* FeedViewController.swift */,
				AA7B6AC327DBF42800A1A659 /* LoginViewController.swift */,
				AA7B6AC527DC0BDC00A1A659 /* CameraViewController.swift */,
				AA7B6AC727DC1DE000A1A659 /* PostCell.swift */,
				AA541C3127DDB7E400014516 /* CommentCell.swift */,
			);
			path = Parstagram;
			sourceTree = "<group>";
		};
		AAC55F1D27DAFCE800D60ACB /* ParstagramTests */ = {
			isa = PBXGroup;
			children = (
				AAC55F1E27DAFCE800D60ACB /* ParstagramTests.swift */,
			);
			path = ParstagramTests;
			sourceTree = "<group>";
		};
		AAC55F2727DAFCE800D60ACB /* ParstagramUITests */ = {
			isa = PBXGroup;
			children = (
				AAC55F2827DAFCE800D60ACB /* ParstagramUITests.swift */,
				AAC55F2A27DAFCE800D60ACB /* ParstagramUITestsLaunchTests.swift */,
			);
			path = ParstagramUITests;
			sourceTree = "<group>";
		};
/* End PBXGroup section */

/* Begin PBXNativeTarget section */
		AAC55F0327DAFCE700D60ACB /* Parstagram */ = {
			isa = PBXNativeTarget;
			buildConfigurationList = AAC55F2E27DAFCE800D60ACB /* Build configuration list for PBXNativeTarget "Parstagram" */;
			buildPhases = (
				880AFC30862F791EADAB2EF4 /* [CP] Check Pods Manifest.lock */,
				AAC55F0027DAFCE700D60ACB /* Sources */,
				AAC55F0127DAFCE700D60ACB /* Frameworks */,
				AAC55F0227DAFCE700D60ACB /* Resources */,
				0EE551EEC3DED1190A89D02A /* [CP] Embed Pods Frameworks */,
			);
			buildRules = (
			);
			dependencies = (
			);
			name = Parstagram;
			productName = Parstagram;
			productReference = AAC55F0427DAFCE700D60ACB /* Parstagram.app */;
			productType = "com.apple.product-type.application";
		};
		AAC55F1927DAFCE800D60ACB /* ParstagramTests */ = {
			isa = PBXNativeTarget;
			buildConfigurationList = AAC55F3127DAFCE800D60ACB /* Build configuration list for PBXNativeTarget "ParstagramTests" */;
			buildPhases = (
				A93A8F48BC2D73A8CE931B78 /* [CP] Check Pods Manifest.lock */,
				AAC55F1627DAFCE800D60ACB /* Sources */,
				AAC55F1727DAFCE800D60ACB /* Frameworks */,
				AAC55F1827DAFCE800D60ACB /* Resources */,
			);
			buildRules = (
			);
			dependencies = (
				AAC55F1C27DAFCE800D60ACB /* PBXTargetDependency */,
			);
			name = ParstagramTests;
			productName = ParstagramTests;
			productReference = AAC55F1A27DAFCE800D60ACB /* ParstagramTests.xctest */;
			productType = "com.apple.product-type.bundle.unit-test";
		};
		AAC55F2327DAFCE800D60ACB /* ParstagramUITests */ = {
			isa = PBXNativeTarget;
			buildConfigurationList = AAC55F3427DAFCE800D60ACB /* Build configuration list for PBXNativeTarget "ParstagramUITests" */;
			buildPhases = (
				D2ADB6B4C2C70011EC59F1F7 /* [CP] Check Pods Manifest.lock */,
				AAC55F2027DAFCE800D60ACB /* Sources */,
				AAC55F2127DAFCE800D60ACB /* Frameworks */,
				AAC55F2227DAFCE800D60ACB /* Resources */,
				A784240DF8E03D7B218657DC /* [CP] Embed Pods Frameworks */,
			);
			buildRules = (
			);
			dependencies = (
				AAC55F2627DAFCE800D60ACB /* PBXTargetDependency */,
			);
			name = ParstagramUITests;
			productName = ParstagramUITests;
			productReference = AAC55F2427DAFCE800D60ACB /* ParstagramUITests.xctest */;
			productType = "com.apple.product-type.bundle.ui-testing";
		};
/* End PBXNativeTarget section */

/* Begin PBXProject section */
		AAC55EFC27DAFCE700D60ACB /* Project object */ = {
			isa = PBXProject;
			attributes = {
				BuildIndependentTargetsInParallel = 1;
				LastSwiftUpdateCheck = 1320;
				LastUpgradeCheck = 1320;
				TargetAttributes = {
					AAC55F0327DAFCE700D60ACB = {
						CreatedOnToolsVersion = 13.2.1;
					};
					AAC55F1927DAFCE800D60ACB = {
						CreatedOnToolsVersion = 13.2.1;
						TestTargetID = AAC55F0327DAFCE700D60ACB;
					};
					AAC55F2327DAFCE800D60ACB = {
						CreatedOnToolsVersion = 13.2.1;
						TestTargetID = AAC55F0327DAFCE700D60ACB;
					};
				};
			};
			buildConfigurationList = AAC55EFF27DAFCE700D60ACB /* Build configuration list for PBXProject "Parstagram" */;
			compatibilityVersion = "Xcode 13.0";
			developmentRegion = en;
			hasScannedForEncodings = 0;
			knownRegions = (
				en,
				Base,
			);
			mainGroup = AAC55EFB27DAFCE700D60ACB;
			packageReferences = (
				AA5C6CF227DAFFC600A7DE6F /* XCRemoteSwiftPackageReference "Parse-SDK-iOS-OSX" */,
			);
			productRefGroup = AAC55F0527DAFCE700D60ACB /* Products */;
			projectDirPath = "";
			projectRoot = "";
			targets = (
				AAC55F0327DAFCE700D60ACB /* Parstagram */,
				AAC55F1927DAFCE800D60ACB /* ParstagramTests */,
				AAC55F2327DAFCE800D60ACB /* ParstagramUITests */,
			);
		};
/* End PBXProject section */

/* Begin PBXResourcesBuildPhase section */
		AAC55F0227DAFCE700D60ACB /* Resources */ = {
			isa = PBXResourcesBuildPhase;
			buildActionMask = 2147483647;
			files = (
				AAC55F1427DAFCE800D60ACB /* LaunchScreen.storyboard in Resources */,
				AAC55F1127DAFCE800D60ACB /* Assets.xcassets in Resources */,
				AAC55F0F27DAFCE700D60ACB /* Main.storyboard in Resources */,
			);
			runOnlyForDeploymentPostprocessing = 0;
		};
		AAC55F1827DAFCE800D60ACB /* Resources */ = {
			isa = PBXResourcesBuildPhase;
			buildActionMask = 2147483647;
			files = (
			);
			runOnlyForDeploymentPostprocessing = 0;
		};
		AAC55F2227DAFCE800D60ACB /* Resources */ = {
			isa = PBXResourcesBuildPhase;
			buildActionMask = 2147483647;
			files = (
			);
			runOnlyForDeploymentPostprocessing = 0;
		};
/* End PBXResourcesBuildPhase section */

/* Begin PBXShellScriptBuildPhase section */
		0EE551EEC3DED1190A89D02A /* [CP] Embed Pods Frameworks */ = {
			isa = PBXShellScriptBuildPhase;
			buildActionMask = 2147483647;
			files = (
			);
			inputFileListPaths = (
				"${PODS_ROOT}/Target Support Files/Pods-Parstagram/Pods-Parstagram-frameworks-${CONFIGURATION}-input-files.xcfilelist",
			);
			name = "[CP] Embed Pods Frameworks";
			outputFileListPaths = (
				"${PODS_ROOT}/Target Support Files/Pods-Parstagram/Pods-Parstagram-frameworks-${CONFIGURATION}-output-files.xcfilelist",
			);
			runOnlyForDeploymentPostprocessing = 0;
			shellPath = /bin/sh;
			shellScript = "\"${PODS_ROOT}/Target Support Files/Pods-Parstagram/Pods-Parstagram-frameworks.sh\"\n";
			showEnvVarsInLog = 0;
		};
		880AFC30862F791EADAB2EF4 /* [CP] Check Pods Manifest.lock */ = {
			isa = PBXShellScriptBuildPhase;
			buildActionMask = 2147483647;
			files = (
			);
			inputFileListPaths = (
			);
			inputPaths = (
				"${PODS_PODFILE_DIR_PATH}/Podfile.lock",
				"${PODS_ROOT}/Manifest.lock",
			);
			name = "[CP] Check Pods Manifest.lock";
			outputFileListPaths = (
			);
			outputPaths = (
				"$(DERIVED_FILE_DIR)/Pods-Parstagram-checkManifestLockResult.txt",
			);
			runOnlyForDeploymentPostprocessing = 0;
			shellPath = /bin/sh;
			shellScript = "diff \"${PODS_PODFILE_DIR_PATH}/Podfile.lock\" \"${PODS_ROOT}/Manifest.lock\" > /dev/null\nif [ $? != 0 ] ; then\n    # print error to STDERR\n    echo \"error: The sandbox is not in sync with the Podfile.lock. Run 'pod install' or update your CocoaPods installation.\" >&2\n    exit 1\nfi\n# This output is used by Xcode 'outputs' to avoid re-running this script phase.\necho \"SUCCESS\" > \"${SCRIPT_OUTPUT_FILE_0}\"\n";
			showEnvVarsInLog = 0;
		};
		A784240DF8E03D7B218657DC /* [CP] Embed Pods Frameworks */ = {
			isa = PBXShellScriptBuildPhase;
			buildActionMask = 2147483647;
			files = (
			);
			inputFileListPaths = (
				"${PODS_ROOT}/Target Support Files/Pods-Parstagram-ParstagramUITests/Pods-Parstagram-ParstagramUITests-frameworks-${CONFIGURATION}-input-files.xcfilelist",
			);
			name = "[CP] Embed Pods Frameworks";
			outputFileListPaths = (
				"${PODS_ROOT}/Target Support Files/Pods-Parstagram-ParstagramUITests/Pods-Parstagram-ParstagramUITests-frameworks-${CONFIGURATION}-output-files.xcfilelist",
			);
			runOnlyForDeploymentPostprocessing = 0;
			shellPath = /bin/sh;
			shellScript = "\"${PODS_ROOT}/Target Support Files/Pods-Parstagram-ParstagramUITests/Pods-Parstagram-ParstagramUITests-frameworks.sh\"\n";
			showEnvVarsInLog = 0;
		};
		A93A8F48BC2D73A8CE931B78 /* [CP] Check Pods Manifest.lock */ = {
			isa = PBXShellScriptBuildPhase;
			buildActionMask = 2147483647;
			files = (
			);
			inputFileListPaths = (
			);
			inputPaths = (
				"${PODS_PODFILE_DIR_PATH}/Podfile.lock",
				"${PODS_ROOT}/Manifest.lock",
			);
			name = "[CP] Check Pods Manifest.lock";
			outputFileListPaths = (
			);
			outputPaths = (
				"$(DERIVED_FILE_DIR)/Pods-ParstagramTests-checkManifestLockResult.txt",
			);
			runOnlyForDeploymentPostprocessing = 0;
			shellPath = /bin/sh;
			shellScript = "diff \"${PODS_PODFILE_DIR_PATH}/Podfile.lock\" \"${PODS_ROOT}/Manifest.lock\" > /dev/null\nif [ $? != 0 ] ; then\n    # print error to STDERR\n    echo \"error: The sandbox is not in sync with the Podfile.lock. Run 'pod install' or update your CocoaPods installation.\" >&2\n    exit 1\nfi\n# This output is used by Xcode 'outputs' to avoid re-running this script phase.\necho \"SUCCESS\" > \"${SCRIPT_OUTPUT_FILE_0}\"\n";
			showEnvVarsInLog = 0;
		};
		D2ADB6B4C2C70011EC59F1F7 /* [CP] Check Pods Manifest.lock */ = {
			isa = PBXShellScriptBuildPhase;
			buildActionMask = 2147483647;
			files = (
			);
			inputFileListPaths = (
			);
			inputPaths = (
				"${PODS_PODFILE_DIR_PATH}/Podfile.lock",
				"${PODS_ROOT}/Manifest.lock",
			);
			name = "[CP] Check Pods Manifest.lock";
			outputFileListPaths = (
			);
			outputPaths = (
				"$(DERIVED_FILE_DIR)/Pods-Parstagram-ParstagramUITests-checkManifestLockResult.txt",
			);
			runOnlyForDeploymentPostprocessing = 0;
			shellPath = /bin/sh;
			shellScript = "diff \"${PODS_PODFILE_DIR_PATH}/Podfile.lock\" \"${PODS_ROOT}/Manifest.lock\" > /dev/null\nif [ $? != 0 ] ; then\n    # print error to STDERR\n    echo \"error: The sandbox is not in sync with the Podfile.lock. Run 'pod install' or update your CocoaPods installation.\" >&2\n    exit 1\nfi\n# This output is used by Xcode 'outputs' to avoid re-running this script phase.\necho \"SUCCESS\" > \"${SCRIPT_OUTPUT_FILE_0}\"\n";
			showEnvVarsInLog = 0;
		};
/* End PBXShellScriptBuildPhase section */

/* Begin PBXSourcesBuildPhase section */
		AAC55F0027DAFCE700D60ACB /* Sources */ = {
			isa = PBXSourcesBuildPhase;
			buildActionMask = 2147483647;
			files = (
				AA7B6AC427DBF42800A1A659 /* LoginViewController.swift in Sources */,
				AA7B6AC627DC0BDC00A1A659 /* CameraViewController.swift in Sources */,
				AAC55F0827DAFCE700D60ACB /* AppDelegate.swift in Sources */,
				AA5C6CF627DB011F00A7DE6F /* FeedViewController.swift in Sources */,
				AAC55F0A27DAFCE700D60ACB /* SceneDelegate.swift in Sources */,
				AA7B6AC827DC1DE000A1A659 /* PostCell.swift in Sources */,
				AA541C3227DDB7E400014516 /* CommentCell.swift in Sources */,
			);
			runOnlyForDeploymentPostprocessing = 0;
		};
		AAC55F1627DAFCE800D60ACB /* Sources */ = {
			isa = PBXSourcesBuildPhase;
			buildActionMask = 2147483647;
			files = (
				AAC55F1F27DAFCE800D60ACB /* ParstagramTests.swift in Sources */,
			);
			runOnlyForDeploymentPostprocessing = 0;
		};
		AAC55F2027DAFCE800D60ACB /* Sources */ = {
			isa = PBXSourcesBuildPhase;
			buildActionMask = 2147483647;
			files = (
				AAC55F2B27DAFCE800D60ACB /* ParstagramUITestsLaunchTests.swift in Sources */,
				AAC55F2927DAFCE800D60ACB /* ParstagramUITests.swift in Sources */,
			);
			runOnlyForDeploymentPostprocessing = 0;
		};
/* End PBXSourcesBuildPhase section */

/* Begin PBXTargetDependency section */
		AAC55F1C27DAFCE800D60ACB /* PBXTargetDependency */ = {
			isa = PBXTargetDependency;
			target = AAC55F0327DAFCE700D60ACB /* Parstagram */;
			targetProxy = AAC55F1B27DAFCE800D60ACB /* PBXContainerItemProxy */;
		};
		AAC55F2627DAFCE800D60ACB /* PBXTargetDependency */ = {
			isa = PBXTargetDependency;
			target = AAC55F0327DAFCE700D60ACB /* Parstagram */;
			targetProxy = AAC55F2527DAFCE800D60ACB /* PBXContainerItemProxy */;
		};
/* End PBXTargetDependency section */

/* Begin PBXVariantGroup section */
		AAC55F0D27DAFCE700D60ACB /* Main.storyboard */ = {
			isa = PBXVariantGroup;
			children = (
				AAC55F0E27DAFCE700D60ACB /* Base */,
			);
			name = Main.storyboard;
			sourceTree = "<group>";
		};
		AAC55F1227DAFCE800D60ACB /* LaunchScreen.storyboard */ = {
			isa = PBXVariantGroup;
			children = (
				AAC55F1327DAFCE800D60ACB /* Base */,
			);
			name = LaunchScreen.storyboard;
			sourceTree = "<group>";
		};
/* End PBXVariantGroup section */

/* Begin XCBuildConfiguration section */
		AAC55F2C27DAFCE800D60ACB /* Debug */ = {
			isa = XCBuildConfiguration;
			buildSettings = {
				ALWAYS_SEARCH_USER_PATHS = NO;
				CLANG_ANALYZER_NONNULL = YES;
				CLANG_ANALYZER_NUMBER_OBJECT_CONVERSION = YES_AGGRESSIVE;
				CLANG_CXX_LANGUAGE_STANDARD = "gnu++17";
				CLANG_CXX_LIBRARY = "libc++";
				CLANG_ENABLE_MODULES = YES;
				CLANG_ENABLE_OBJC_ARC = YES;
				CLANG_ENABLE_OBJC_WEAK = YES;
				CLANG_WARN_BLOCK_CAPTURE_AUTORELEASING = YES;
				CLANG_WARN_BOOL_CONVERSION = YES;
				CLANG_WARN_COMMA = YES;
				CLANG_WARN_CONSTANT_CONVERSION = YES;
				CLANG_WARN_DEPRECATED_OBJC_IMPLEMENTATIONS = YES;
				CLANG_WARN_DIRECT_OBJC_ISA_USAGE = YES_ERROR;
				CLANG_WARN_DOCUMENTATION_COMMENTS = YES;
				CLANG_WARN_EMPTY_BODY = YES;
				CLANG_WARN_ENUM_CONVERSION = YES;
				CLANG_WARN_INFINITE_RECURSION = YES;
				CLANG_WARN_INT_CONVERSION = YES;
				CLANG_WARN_NON_LITERAL_NULL_CONVERSION = YES;
				CLANG_WARN_OBJC_IMPLICIT_RETAIN_SELF = YES;
				CLANG_WARN_OBJC_LITERAL_CONVERSION = YES;
				CLANG_WARN_OBJC_ROOT_CLASS = YES_ERROR;
				CLANG_WARN_QUOTED_INCLUDE_IN_FRAMEWORK_HEADER = YES;
				CLANG_WARN_RANGE_LOOP_ANALYSIS = YES;
				CLANG_WARN_STRICT_PROTOTYPES = YES;
				CLANG_WARN_SUSPICIOUS_MOVE = YES;
				CLANG_WARN_UNGUARDED_AVAILABILITY = YES_AGGRESSIVE;
				CLANG_WARN_UNREACHABLE_CODE = YES;
				CLANG_WARN__DUPLICATE_METHOD_MATCH = YES;
				COPY_PHASE_STRIP = NO;
				DEBUG_INFORMATION_FORMAT = dwarf;
				ENABLE_STRICT_OBJC_MSGSEND = YES;
				ENABLE_TESTABILITY = YES;
				GCC_C_LANGUAGE_STANDARD = gnu11;
				GCC_DYNAMIC_NO_PIC = NO;
				GCC_NO_COMMON_BLOCKS = YES;
				GCC_OPTIMIZATION_LEVEL = 0;
				GCC_PREPROCESSOR_DEFINITIONS = (
					"DEBUG=1",
					"$(inherited)",
				);
				GCC_WARN_64_TO_32_BIT_CONVERSION = YES;
				GCC_WARN_ABOUT_RETURN_TYPE = YES_ERROR;
				GCC_WARN_UNDECLARED_SELECTOR = YES;
				GCC_WARN_UNINITIALIZED_AUTOS = YES_AGGRESSIVE;
				GCC_WARN_UNUSED_FUNCTION = YES;
				GCC_WARN_UNUSED_VARIABLE = YES;
				IPHONEOS_DEPLOYMENT_TARGET = 15.2;
				MTL_ENABLE_DEBUG_INFO = INCLUDE_SOURCE;
				MTL_FAST_MATH = YES;
				ONLY_ACTIVE_ARCH = YES;
				SDKROOT = iphoneos;
				SWIFT_ACTIVE_COMPILATION_CONDITIONS = DEBUG;
				SWIFT_OPTIMIZATION_LEVEL = "-Onone";
			};
			name = Debug;
		};
		AAC55F2D27DAFCE800D60ACB /* Release */ = {
			isa = XCBuildConfiguration;
			buildSettings = {
				ALWAYS_SEARCH_USER_PATHS = NO;
				CLANG_ANALYZER_NONNULL = YES;
				CLANG_ANALYZER_NUMBER_OBJECT_CONVERSION = YES_AGGRESSIVE;
				CLANG_CXX_LANGUAGE_STANDARD = "gnu++17";
				CLANG_CXX_LIBRARY = "libc++";
				CLANG_ENABLE_MODULES = YES;
				CLANG_ENABLE_OBJC_ARC = YES;
				CLANG_ENABLE_OBJC_WEAK = YES;
				CLANG_WARN_BLOCK_CAPTURE_AUTORELEASING = YES;
				CLANG_WARN_BOOL_CONVERSION = YES;
				CLANG_WARN_COMMA = YES;
				CLANG_WARN_CONSTANT_CONVERSION = YES;
				CLANG_WARN_DEPRECATED_OBJC_IMPLEMENTATIONS = YES;
				CLANG_WARN_DIRECT_OBJC_ISA_USAGE = YES_ERROR;
				CLANG_WARN_DOCUMENTATION_COMMENTS = YES;
				CLANG_WARN_EMPTY_BODY = YES;
				CLANG_WARN_ENUM_CONVERSION = YES;
				CLANG_WARN_INFINITE_RECURSION = YES;
				CLANG_WARN_INT_CONVERSION = YES;
				CLANG_WARN_NON_LITERAL_NULL_CONVERSION = YES;
				CLANG_WARN_OBJC_IMPLICIT_RETAIN_SELF = YES;
				CLANG_WARN_OBJC_LITERAL_CONVERSION = YES;
				CLANG_WARN_OBJC_ROOT_CLASS = YES_ERROR;
				CLANG_WARN_QUOTED_INCLUDE_IN_FRAMEWORK_HEADER = YES;
				CLANG_WARN_RANGE_LOOP_ANALYSIS = YES;
				CLANG_WARN_STRICT_PROTOTYPES = YES;
				CLANG_WARN_SUSPICIOUS_MOVE = YES;
				CLANG_WARN_UNGUARDED_AVAILABILITY = YES_AGGRESSIVE;
				CLANG_WARN_UNREACHABLE_CODE = YES;
				CLANG_WARN__DUPLICATE_METHOD_MATCH = YES;
				COPY_PHASE_STRIP = NO;
				DEBUG_INFORMATION_FORMAT = "dwarf-with-dsym";
				ENABLE_NS_ASSERTIONS = NO;
				ENABLE_STRICT_OBJC_MSGSEND = YES;
				GCC_C_LANGUAGE_STANDARD = gnu11;
				GCC_NO_COMMON_BLOCKS = YES;
				GCC_WARN_64_TO_32_BIT_CONVERSION = YES;
				GCC_WARN_ABOUT_RETURN_TYPE = YES_ERROR;
				GCC_WARN_UNDECLARED_SELECTOR = YES;
				GCC_WARN_UNINITIALIZED_AUTOS = YES_AGGRESSIVE;
				GCC_WARN_UNUSED_FUNCTION = YES;
				GCC_WARN_UNUSED_VARIABLE = YES;
				IPHONEOS_DEPLOYMENT_TARGET = 15.2;
				MTL_ENABLE_DEBUG_INFO = NO;
				MTL_FAST_MATH = YES;
				SDKROOT = iphoneos;
				SWIFT_COMPILATION_MODE = wholemodule;
				SWIFT_OPTIMIZATION_LEVEL = "-O";
				VALIDATE_PRODUCT = YES;
			};
			name = Release;
		};
		AAC55F2F27DAFCE800D60ACB /* Debug */ = {
			isa = XCBuildConfiguration;
			baseConfigurationReference = C393740DB568A75FFBBE4692 /* Pods-Parstagram.debug.xcconfig */;
			buildSettings = {
				ASSETCATALOG_COMPILER_APPICON_NAME = AppIcon;
				ASSETCATALOG_COMPILER_GLOBAL_ACCENT_COLOR_NAME = AccentColor;
				CODE_SIGN_STYLE = Automatic;
				CURRENT_PROJECT_VERSION = 1;
				DEVELOPMENT_TEAM = MATAH478GH;
				GENERATE_INFOPLIST_FILE = YES;
				INFOPLIST_FILE = Parstagram/Info.plist;
				INFOPLIST_KEY_UIApplicationSupportsIndirectInputEvents = YES;
				INFOPLIST_KEY_UILaunchStoryboardName = LaunchScreen;
				INFOPLIST_KEY_UIMainStoryboardFile = Main;
				INFOPLIST_KEY_UISupportedInterfaceOrientations_iPad = "UIInterfaceOrientationPortrait UIInterfaceOrientationPortraitUpsideDown UIInterfaceOrientationLandscapeLeft UIInterfaceOrientationLandscapeRight";
				INFOPLIST_KEY_UISupportedInterfaceOrientations_iPhone = "UIInterfaceOrientationPortrait UIInterfaceOrientationLandscapeLeft UIInterfaceOrientationLandscapeRight";
				LD_RUNPATH_SEARCH_PATHS = (
					"$(inherited)",
					"@executable_path/Frameworks",
				);
				MARKETING_VERSION = 1.0;
				PRODUCT_BUNDLE_IDENTIFIER = celi.codepath.Parstagram;
				PRODUCT_NAME = "$(TARGET_NAME)";
				SWIFT_EMIT_LOC_STRINGS = YES;
				SWIFT_VERSION = 5.0;
				TARGETED_DEVICE_FAMILY = "1,2";
			};
			name = Debug;
		};
		AAC55F3027DAFCE800D60ACB /* Release */ = {
			isa = XCBuildConfiguration;
			baseConfigurationReference = 8BCBAAE1914B2774CA2CE4EC /* Pods-Parstagram.release.xcconfig */;
			buildSettings = {
				ASSETCATALOG_COMPILER_APPICON_NAME = AppIcon;
				ASSETCATALOG_COMPILER_GLOBAL_ACCENT_COLOR_NAME = AccentColor;
				CODE_SIGN_STYLE = Automatic;
				CURRENT_PROJECT_VERSION = 1;
				DEVELOPMENT_TEAM = MATAH478GH;
				GENERATE_INFOPLIST_FILE = YES;
				INFOPLIST_FILE = Parstagram/Info.plist;
				INFOPLIST_KEY_UIApplicationSupportsIndirectInputEvents = YES;
				INFOPLIST_KEY_UILaunchStoryboardName = LaunchScreen;
				INFOPLIST_KEY_UIMainStoryboardFile = Main;
				INFOPLIST_KEY_UISupportedInterfaceOrientations_iPad = "UIInterfaceOrientationPortrait UIInterfaceOrientationPortraitUpsideDown UIInterfaceOrientationLandscapeLeft UIInterfaceOrientationLandscapeRight";
				INFOPLIST_KEY_UISupportedInterfaceOrientations_iPhone = "UIInterfaceOrientationPortrait UIInterfaceOrientationLandscapeLeft UIInterfaceOrientationLandscapeRight";
				LD_RUNPATH_SEARCH_PATHS = (
					"$(inherited)",
					"@executable_path/Frameworks",
				);
				MARKETING_VERSION = 1.0;
				PRODUCT_BUNDLE_IDENTIFIER = celi.codepath.Parstagram;
				PRODUCT_NAME = "$(TARGET_NAME)";
				SWIFT_EMIT_LOC_STRINGS = YES;
				SWIFT_VERSION = 5.0;
				TARGETED_DEVICE_FAMILY = "1,2";
			};
			name = Release;
		};
		AAC55F3227DAFCE800D60ACB /* Debug */ = {
			isa = XCBuildConfiguration;
			baseConfigurationReference = C5A29C6AC3E962CE67BCCE5C /* Pods-ParstagramTests.debug.xcconfig */;
			buildSettings = {
				ALWAYS_EMBED_SWIFT_STANDARD_LIBRARIES = YES;
				BUNDLE_LOADER = "$(TEST_HOST)";
				CODE_SIGN_STYLE = Automatic;
				CURRENT_PROJECT_VERSION = 1;
				DEVELOPMENT_TEAM = MATAH478GH;
				GENERATE_INFOPLIST_FILE = YES;
				IPHONEOS_DEPLOYMENT_TARGET = 15.2;
				MARKETING_VERSION = 1.0;
				PRODUCT_BUNDLE_IDENTIFIER = celi.codepath.ParstagramTests;
				PRODUCT_NAME = "$(TARGET_NAME)";
				SWIFT_EMIT_LOC_STRINGS = NO;
				SWIFT_VERSION = 5.0;
				TARGETED_DEVICE_FAMILY = "1,2";
				TEST_HOST = "$(BUILT_PRODUCTS_DIR)/Parstagram.app/Parstagram";
			};
			name = Debug;
		};
		AAC55F3327DAFCE800D60ACB /* Release */ = {
			isa = XCBuildConfiguration;
			baseConfigurationReference = 3F0BA5548ADC383ACB5D7ECC /* Pods-ParstagramTests.release.xcconfig */;
			buildSettings = {
				ALWAYS_EMBED_SWIFT_STANDARD_LIBRARIES = YES;
				BUNDLE_LOADER = "$(TEST_HOST)";
				CODE_SIGN_STYLE = Automatic;
				CURRENT_PROJECT_VERSION = 1;
				DEVELOPMENT_TEAM = MATAH478GH;
				GENERATE_INFOPLIST_FILE = YES;
				IPHONEOS_DEPLOYMENT_TARGET = 15.2;
				MARKETING_VERSION = 1.0;
				PRODUCT_BUNDLE_IDENTIFIER = celi.codepath.ParstagramTests;
				PRODUCT_NAME = "$(TARGET_NAME)";
				SWIFT_EMIT_LOC_STRINGS = NO;
				SWIFT_VERSION = 5.0;
				TARGETED_DEVICE_FAMILY = "1,2";
				TEST_HOST = "$(BUILT_PRODUCTS_DIR)/Parstagram.app/Parstagram";
			};
			name = Release;
		};
		AAC55F3527DAFCE800D60ACB /* Debug */ = {
			isa = XCBuildConfiguration;
			baseConfigurationReference = B7EA89092F63B0957D2450BF /* Pods-Parstagram-ParstagramUITests.debug.xcconfig */;
			buildSettings = {
				ALWAYS_EMBED_SWIFT_STANDARD_LIBRARIES = YES;
				CODE_SIGN_STYLE = Automatic;
				CURRENT_PROJECT_VERSION = 1;
				DEVELOPMENT_TEAM = MATAH478GH;
				GENERATE_INFOPLIST_FILE = YES;
				MARKETING_VERSION = 1.0;
				PRODUCT_BUNDLE_IDENTIFIER = celi.codepath.ParstagramUITests;
				PRODUCT_NAME = "$(TARGET_NAME)";
				SWIFT_EMIT_LOC_STRINGS = NO;
				SWIFT_VERSION = 5.0;
				TARGETED_DEVICE_FAMILY = "1,2";
				TEST_TARGET_NAME = Parstagram;
			};
			name = Debug;
		};
		AAC55F3627DAFCE800D60ACB /* Release */ = {
			isa = XCBuildConfiguration;
			baseConfigurationReference = 089B3F7895D718A664A0C588 /* Pods-Parstagram-ParstagramUITests.release.xcconfig */;
			buildSettings = {
				ALWAYS_EMBED_SWIFT_STANDARD_LIBRARIES = YES;
				CODE_SIGN_STYLE = Automatic;
				CURRENT_PROJECT_VERSION = 1;
				DEVELOPMENT_TEAM = MATAH478GH;
				GENERATE_INFOPLIST_FILE = YES;
				MARKETING_VERSION = 1.0;
				PRODUCT_BUNDLE_IDENTIFIER = celi.codepath.ParstagramUITests;
				PRODUCT_NAME = "$(TARGET_NAME)";
				SWIFT_EMIT_LOC_STRINGS = NO;
				SWIFT_VERSION = 5.0;
				TARGETED_DEVICE_FAMILY = "1,2";
				TEST_TARGET_NAME = Parstagram;
			};
			name = Release;
		};
/* End XCBuildConfiguration section */

/* Begin XCConfigurationList section */
		AAC55EFF27DAFCE700D60ACB /* Build configuration list for PBXProject "Parstagram" */ = {
			isa = XCConfigurationList;
			buildConfigurations = (
				AAC55F2C27DAFCE800D60ACB /* Debug */,
				AAC55F2D27DAFCE800D60ACB /* Release */,
			);
			defaultConfigurationIsVisible = 0;
			defaultConfigurationName = Release;
		};
		AAC55F2E27DAFCE800D60ACB /* Build configuration list for PBXNativeTarget "Parstagram" */ = {
			isa = XCConfigurationList;
			buildConfigurations = (
				AAC55F2F27DAFCE800D60ACB /* Debug */,
				AAC55F3027DAFCE800D60ACB /* Release */,
			);
			defaultConfigurationIsVisible = 0;
			defaultConfigurationName = Release;
		};
		AAC55F3127DAFCE800D60ACB /* Build configuration list for PBXNativeTarget "ParstagramTests" */ = {
			isa = XCConfigurationList;
			buildConfigurations = (
				AAC55F3227DAFCE800D60ACB /* Debug */,
				AAC55F3327DAFCE800D60ACB /* Release */,
			);
			defaultConfigurationIsVisible = 0;
			defaultConfigurationName = Release;
		};
		AAC55F3427DAFCE800D60ACB /* Build configuration list for PBXNativeTarget "ParstagramUITests" */ = {
			isa = XCConfigurationList;
			buildConfigurations = (
				AAC55F3527DAFCE800D60ACB /* Debug */,
				AAC55F3627DAFCE800D60ACB /* Release */,
			);
			defaultConfigurationIsVisible = 0;
			defaultConfigurationName = Release;
		};
/* End XCConfigurationList section */

/* Begin XCRemoteSwiftPackageReference section */
		AA5C6CF227DAFFC600A7DE6F /* XCRemoteSwiftPackageReference "Parse-SDK-iOS-OSX" */ = {
			isa = XCRemoteSwiftPackageReference;
			repositoryURL = "https://github.com/parse-community/Parse-SDK-iOS-OSX";
			requirement = {
				branch = master;
				kind = branch;
			};
		};
/* End XCRemoteSwiftPackageReference section */
	};
	rootObject = AAC55EFC27DAFCE700D60ACB /* Project object */;
}
